
Microsoft Visual Studio Solution File, Format Version 12.00
# Visual Studio Version 17
VisualStudioVersion = 17.14.36915.13 d17.14
MinimumVisualStudioVersion = 10.0.40219.1
Project("{FAE04EC0-301F-11D3-BF4B-00C04F79EFBC}") = "ZenStore.API", "ZenStore.API.csproj", "{1683D00F-3A91-49D9-8B5D-A91392C2878F}"
EndProject
Global
	GlobalSection(SolutionConfigurationPlatforms) = preSolution
		Debug|Any CPU = Debug|Any CPU
		Release|Any CPU = Release|Any CPU
	EndGlobalSection
	GlobalSection(ProjectConfigurationPlatforms) = postSolution
		{1683D00F-3A91-49D9-8B5D-A91392C2878F}.Debug|Any CPU.ActiveCfg = Debug|Any CPU
		{1683D00F-3A91-49D9-8B5D-A91392C2878F}.Debug|Any CPU.Build.0 = Debug|Any CPU
		{1683D00F-3A91-49D9-8B5D-A91392C2878F}.Release|Any CPU.ActiveCfg = Release|Any CPU
		{1683D00F-3A91-49D9-8B5D-A91392C2878F}.Release|Any CPU.Build.0 = Release|Any CPU
	EndGlobalSection
	GlobalSection(SolutionProperties) = preSolution
		HideSolutionNode = FALSE
	EndGlobalSection
	GlobalSection(ExtensibilityGlobals) = postSolution
		SolutionGuid = {69F27E46-3C1C-4695-B16A-F35655D2EC40}
	EndGlobalSection
EndGlobal
